
Microsoft Visual Studio Solution File, Format Version 12.00
# Visual Studio Version 17
VisualStudioVersion = 17.6.33829.357
MinimumVisualStudioVersion = 10.0.40219.1
Project("{FAE04EC0-301F-11D3-BF4B-00C04F79EFBC}") = "workerservice", "workerservice\workerservice.csproj", "{FEA672E9-F5DC-4F9D-B900-EFA607B4EFE1}"
EndProject
Global
	GlobalSection(SolutionConfigurationPlatforms) = preSolution
		Debug|Any CPU = Debug|Any CPU
		Release|Any CPU = Release|Any CPU
	EndGlobalSection
	GlobalSection(ProjectConfigurationPlatforms) = postSolution
		{FEA672E9-F5DC-4F9D-B900-EFA607B4EFE1}.Debug|Any CPU.ActiveCfg = Debug|Any CPU
		{FEA672E9-F5DC-4F9D-B900-EFA607B4EFE1}.Debug|Any CPU.Build.0 = Debug|Any CPU
		{FEA672E9-F5DC-4F9D-B900-EFA607B4EFE1}.Release|Any CPU.ActiveCfg = Release|Any CPU
		{FEA672E9-F5DC-4F9D-B900-EFA607B4EFE1}.Release|Any CPU.Build.0 = Release|Any CPU
	EndGlobalSection
	GlobalSection(SolutionProperties) = preSolution
		HideSolutionNode = FALSE
	EndGlobalSection
	GlobalSection(ExtensibilityGlobals) = postSolution
		SolutionGuid = {2E3D0F5F-C8C9-4560-9773-5C086E908B0E}
	EndGlobalSection
EndGlobal
